
Microsoft Visual Studio Solution File, Format Version 12.00
# Visual Studio 15
Project("{FAE04EC0-301F-11D3-BF4B-00C04F79EFBC}") = "ExJobb", "ExJobb.csproj", "{A94AEDDC-9395-F7E9-DF48-AC10282C3CC3}"
EndProject
Project("{FAE04EC0-301F-11D3-BF4B-00C04F79EFBC}") = "ExJobb.Editor", "ExJobb.Editor.csproj", "{D2354755-37C7-D21B-094C-48C094339608}"
EndProject
Global
	GlobalSection(SolutionConfigurationPlatforms) = preSolution
		Debug|Any CPU = Debug|Any CPU
		Release|Any CPU = Release|Any CPU
	EndGlobalSection
	GlobalSection(ProjectConfigurationPlatforms) = postSolution
		{A94AEDDC-9395-F7E9-DF48-AC10282C3CC3}.Debug|Any CPU.ActiveCfg = Debug|Any CPU
		{A94AEDDC-9395-F7E9-DF48-AC10282C3CC3}.Debug|Any CPU.Build.0 = Debug|Any CPU
		{A94AEDDC-9395-F7E9-DF48-AC10282C3CC3}.Release|Any CPU.ActiveCfg = Release|Any CPU
		{A94AEDDC-9395-F7E9-DF48-AC10282C3CC3}.Release|Any CPU.Build.0 = Release|Any CPU
		{D2354755-37C7-D21B-094C-48C094339608}.Debug|Any CPU.ActiveCfg = Debug|Any CPU
		{D2354755-37C7-D21B-094C-48C094339608}.Debug|Any CPU.Build.0 = Debug|Any CPU
		{D2354755-37C7-D21B-094C-48C094339608}.Release|Any CPU.ActiveCfg = Release|Any CPU
		{D2354755-37C7-D21B-094C-48C094339608}.Release|Any CPU.Build.0 = Release|Any CPU
	EndGlobalSection
	GlobalSection(SolutionProperties) = preSolution
		HideSolutionNode = FALSE
	EndGlobalSection
EndGlobal
